
Microsoft Visual Studio Solution File, Format Version 12.00
# Visual Studio Version 17
VisualStudioVersion = 17.5.33530.505
MinimumVisualStudioVersion = 10.0.40219.1
Project("{9A19103F-16F7-4668-BE54-9A1E7A4F7556}") = "ConstructionCompanyDB", "ConstructionCompanyDB\ConstructionCompanyDB.csproj", "{4070374B-2419-494E-90EB-F9FC5781242A}"
EndProject
Project("{2150E333-8FDC-42A3-9474-1A3956D46DE8}") = "Solution Items", "Solution Items", "{531EB30A-E340-40B8-9168-2548CC2C66D3}"
	ProjectSection(SolutionItems) = preProject
		.editorconfig = .editorconfig
	EndProjectSection
EndProject
Global
	GlobalSection(SolutionConfigurationPlatforms) = preSolution
		Debug|Any CPU = Debug|Any CPU
		Release|Any CPU = Release|Any CPU
	EndGlobalSection
	GlobalSection(ProjectConfigurationPlatforms) = postSolution
		{4070374B-2419-494E-90EB-F9FC5781242A}.Debug|Any CPU.ActiveCfg = Debug|Any CPU
		{4070374B-2419-494E-90EB-F9FC5781242A}.Debug|Any CPU.Build.0 = Debug|Any CPU
		{4070374B-2419-494E-90EB-F9FC5781242A}.Release|Any CPU.ActiveCfg = Release|Any CPU
		{4070374B-2419-494E-90EB-F9FC5781242A}.Release|Any CPU.Build.0 = Release|Any CPU
	EndGlobalSection
	GlobalSection(SolutionProperties) = preSolution
		HideSolutionNode = FALSE
	EndGlobalSection
	GlobalSection(ExtensibilityGlobals) = postSolution
		SolutionGuid = {5B5CBD27-39B7-495A-AB2B-683AFD3AE79A}
	EndGlobalSection
EndGlobal
